// !$*UTF8*$!
{
	archiveVersion = 1;
	classes = {
	};
	objectVersion = 56;
	objects = {

/* Begin PBXBuildFile section */
		04D4FA872AB7B1F700AC679C /* AppDelegate.swift in Sources */ = {isa = PBXBuildFile; fileRef = 04D4FA862AB7B1F700AC679C /* AppDelegate.swift */; };
		04D4FA892AB7B1F700AC679C /* SceneDelegate.swift in Sources */ = {isa = PBXBuildFile; fileRef = 04D4FA882AB7B1F700AC679C /* SceneDelegate.swift */; };
		04D4FA8B2AB7B1F700AC679C /* RootViewController.swift in Sources */ = {isa = PBXBuildFile; fileRef = 04D4FA8A2AB7B1F700AC679C /* RootViewController.swift */; };
		04D4FA902AB7B1FB00AC679C /* Assets.xcassets in Resources */ = {isa = PBXBuildFile; fileRef = 04D4FA8F2AB7B1FB00AC679C /* Assets.xcassets */; };
		04D4FA932AB7B1FB00AC679C /* LaunchScreen.storyboard in Resources */ = {isa = PBXBuildFile; fileRef = 04D4FA912AB7B1FB00AC679C /* LaunchScreen.storyboard */; };
		04D4FA9D2AB7B3C200AC679C /* SampleData.plist in Resources */ = {isa = PBXBuildFile; fileRef = 04D4FA9C2AB7B3C200AC679C /* SampleData.plist */; };
		04D4FAA02AB7B3D700AC679C /* BowTies.xcdatamodeld in Sources */ = {isa = PBXBuildFile; fileRef = 04D4FA9E2AB7B3D700AC679C /* BowTies.xcdatamodeld */; };
/* End PBXBuildFile section */

/* Begin PBXFileReference section */
		04D4FA832AB7B1F700AC679C /* Chap2BowTies.app */ = {isa = PBXFileReference; explicitFileType = wrapper.application; includeInIndex = 0; path = Chap2BowTies.app; sourceTree = BUILT_PRODUCTS_DIR; };
		04D4FA862AB7B1F700AC679C /* AppDelegate.swift */ = {isa = PBXFileReference; lastKnownFileType = sourcecode.swift; path = AppDelegate.swift; sourceTree = "<group>"; };
		04D4FA882AB7B1F700AC679C /* SceneDelegate.swift */ = {isa = PBXFileReference; lastKnownFileType = sourcecode.swift; path = SceneDelegate.swift; sourceTree = "<group>"; };
		04D4FA8A2AB7B1F700AC679C /* RootViewController.swift */ = {isa = PBXFileReference; lastKnownFileType = sourcecode.swift; path = RootViewController.swift; sourceTree = "<group>"; };
		04D4FA8F2AB7B1FB00AC679C /* Assets.xcassets */ = {isa = PBXFileReference; lastKnownFileType = folder.assetcatalog; path = Assets.xcassets; sourceTree = "<group>"; };
		04D4FA922AB7B1FB00AC679C /* Base */ = {isa = PBXFileReference; lastKnownFileType = file.storyboard; name = Base; path = Base.lproj/LaunchScreen.storyboard; sourceTree = "<group>"; };
		04D4FA942AB7B1FB00AC679C /* Info.plist */ = {isa = PBXFileReference; lastKnownFileType = text.plist.xml; path = Info.plist; sourceTree = "<group>"; };
		04D4FA9C2AB7B3C200AC679C /* SampleData.plist */ = {isa = PBXFileReference; fileEncoding = 4; lastKnownFileType = text.plist.xml; path = SampleData.plist; sourceTree = "<group>"; };
		04D4FA9F2AB7B3D700AC679C /* BowTies.xcdatamodel */ = {isa = PBXFileReference; lastKnownFileType = wrapper.xcdatamodel; path = BowTies.xcdatamodel; sourceTree = "<group>"; };
/* End PBXFileReference section */

/* Begin PBXFrameworksBuildPhase section */
		04D4FA802AB7B1F700AC679C /* Frameworks */ = {
			isa = PBXFrameworksBuildPhase;
			buildActionMask = 2147483647;
			files = (
			);
			runOnlyForDeploymentPostprocessing = 0;
		};
/* End PBXFrameworksBuildPhase section */

/* Begin PBXGroup section */
		04D4FA7A2AB7B1F700AC679C = {
			isa = PBXGroup;
			children = (
				04D4FA852AB7B1F700AC679C /* Chap2BowTies */,
				04D4FA842AB7B1F700AC679C /* Products */,
			);
			sourceTree = "<group>";
		};
		04D4FA842AB7B1F700AC679C /* Products */ = {
			isa = PBXGroup;
			children = (
				04D4FA832AB7B1F700AC679C /* Chap2BowTies.app */,
			);
			name = Products;
			sourceTree = "<group>";
		};
		04D4FA852AB7B1F700AC679C /* Chap2BowTies */ = {
			isa = PBXGroup;
			children = (
				04D4FA862AB7B1F700AC679C /* AppDelegate.swift */,
				04D4FA882AB7B1F700AC679C /* SceneDelegate.swift */,
				04D4FA9B2AB7B3A200AC679C /* Storage */,
				04D4FA9A2AB7B28300AC679C /* Controller */,
				04D4FA8F2AB7B1FB00AC679C /* Assets.xcassets */,
				04D4FA912AB7B1FB00AC679C /* LaunchScreen.storyboard */,
				04D4FA942AB7B1FB00AC679C /* Info.plist */,
			);
			path = Chap2BowTies;
			sourceTree = "<group>";
		};
		04D4FA9A2AB7B28300AC679C /* Controller */ = {
			isa = PBXGroup;
			children = (
				04D4FA8A2AB7B1F700AC679C /* RootViewController.swift */,
			);
			path = Controller;
			sourceTree = "<group>";
		};
		04D4FA9B2AB7B3A200AC679C /* Storage */ = {
			isa = PBXGroup;
			children = (
				04D4FA9C2AB7B3C200AC679C /* SampleData.plist */,
				04D4FA9E2AB7B3D700AC679C /* BowTies.xcdatamodeld */,
			);
			path = Storage;
			sourceTree = "<group>";
		};
/* End PBXGroup section */

/* Begin PBXNativeTarget section */
		04D4FA822AB7B1F700AC679C /* Chap2BowTies */ = {
			isa = PBXNativeTarget;
			buildConfigurationList = 04D4FA972AB7B1FB00AC679C /* Build configuration list for PBXNativeTarget "Chap2BowTies" */;
			buildPhases = (
				04D4FA7F2AB7B1F700AC679C /* Sources */,
				04D4FA802AB7B1F700AC679C /* Frameworks */,
				04D4FA812AB7B1F700AC679C /* Resources */,
			);
			buildRules = (
			);
			dependencies = (
			);
			name = Chap2BowTies;
			productName = Chap2BowTies;
			productReference = 04D4FA832AB7B1F700AC679C /* Chap2BowTies.app */;
			productType = "com.apple.product-type.application";
		};
/* End PBXNativeTarget section */

/* Begin PBXProject section */
		04D4FA7B2AB7B1F700AC679C /* Project object */ = {
			isa = PBXProject;
			attributes = {
				BuildIndependentTargetsInParallel = 1;
				LastSwiftUpdateCheck = 1500;
				LastUpgradeCheck = 1500;
				TargetAttributes = {
					04D4FA822AB7B1F700AC679C = {
						CreatedOnToolsVersion = 15.0;
					};
				};
			};
			buildConfigurationList = 04D4FA7E2AB7B1F700AC679C /* Build configuration list for PBXProject "Chap2BowTies" */;
			compatibilityVersion = "Xcode 14.0";
			developmentRegion = en;
			hasScannedForEncodings = 0;
			knownRegions = (
				en,
				Base,
			);
			mainGroup = 04D4FA7A2AB7B1F700AC679C;
			productRefGroup = 04D4FA842AB7B1F700AC679C /* Products */;
			projectDirPath = "";
			projectRoot = "";
			targets = (
				04D4FA822AB7B1F700AC679C /* Chap2BowTies */,
			);
		};
/* End PBXProject section */

/* Begin PBXResourcesBuildPhase section */
		04D4FA812AB7B1F700AC679C /* Resources */ = {
			isa = PBXResourcesBuildPhase;
			buildActionMask = 2147483647;
			files = (
				04D4FA9D2AB7B3C200AC679C /* SampleData.plist in Resources */,
				04D4FA932AB7B1FB00AC679C /* LaunchScreen.storyboard in Resources */,
				04D4FA902AB7B1FB00AC679C /* Assets.xcassets in Resources */,
			);
			runOnlyForDeploymentPostprocessing = 0;
		};
/* End PBXResourcesBuildPhase section */

/* Begin PBXSourcesBuildPhase section */
		04D4FA7F2AB7B1F700AC679C /* Sources */ = {
			isa = PBXSourcesBuildPhase;
			buildActionMask = 2147483647;
			files = (
				04D4FA8B2AB7B1F700AC679C /* RootViewController.swift in Sources */,
				04D4FAA02AB7B3D700AC679C /* BowTies.xcdatamodeld in Sources */,
				04D4FA872AB7B1F700AC679C /* AppDelegate.swift in Sources */,
				04D4FA892AB7B1F700AC679C /* SceneDelegate.swift in Sources */,
			);
			runOnlyForDeploymentPostprocessing = 0;
		};
/* End PBXSourcesBuildPhase section */

/* Begin PBXVariantGroup section */
		04D4FA912AB7B1FB00AC679C /* LaunchScreen.storyboard */ = {
			isa = PBXVariantGroup;
			children = (
				04D4FA922AB7B1FB00AC679C /* Base */,
			);
			name = LaunchScreen.storyboard;
			sourceTree = "<group>";
		};
/* End PBXVariantGroup section */

/* Begin XCBuildConfiguration section */
		04D4FA952AB7B1FB00AC679C /* Debug */ = {
			isa = XCBuildConfiguration;
			buildSettings = {
				ALWAYS_SEARCH_USER_PATHS = NO;
				ASSETCATALOG_COMPILER_GENERATE_SWIFT_ASSET_SYMBOL_EXTENSIONS = YES;
				CLANG_ANALYZER_NONNULL = YES;
				CLANG_ANALYZER_NUMBER_OBJECT_CONVERSION = YES_AGGRESSIVE;
				CLANG_CXX_LANGUAGE_STANDARD = "gnu++20";
				CLANG_ENABLE_MODULES = YES;
				CLANG_ENABLE_OBJC_ARC = YES;
				CLANG_ENABLE_OBJC_WEAK = YES;
				CLANG_WARN_BLOCK_CAPTURE_AUTORELEASING = YES;
				CLANG_WARN_BOOL_CONVERSION = YES;
				CLANG_WARN_COMMA = YES;
				CLANG_WARN_CONSTANT_CONVERSION = YES;
				CLANG_WARN_DEPRECATED_OBJC_IMPLEMENTATIONS = YES;
				CLANG_WARN_DIRECT_OBJC_ISA_USAGE = YES_ERROR;
				CLANG_WARN_DOCUMENTATION_COMMENTS = YES;
				CLANG_WARN_EMPTY_BODY = YES;
				CLANG_WARN_ENUM_CONVERSION = YES;
				CLANG_WARN_INFINITE_RECURSION = YES;
				CLANG_WARN_INT_CONVERSION = YES;
				CLANG_WARN_NON_LITERAL_NULL_CONVERSION = YES;
				CLANG_WARN_OBJC_IMPLICIT_RETAIN_SELF = YES;
				CLANG_WARN_OBJC_LITERAL_CONVERSION = YES;
				CLANG_WARN_OBJC_ROOT_CLASS = YES_ERROR;
				CLANG_WARN_QUOTED_INCLUDE_IN_FRAMEWORK_HEADER = YES;
				CLANG_WARN_RANGE_LOOP_ANALYSIS = YES;
				CLANG_WARN_STRICT_PROTOTYPES = YES;
				CLANG_WARN_SUSPICIOUS_MOVE = YES;
				CLANG_WARN_UNGUARDED_AVAILABILITY = YES_AGGRESSIVE;
				CLANG_WARN_UNREACHABLE_CODE = YES;
				CLANG_WARN__DUPLICATE_METHOD_MATCH = YES;
				COPY_PHASE_STRIP = NO;
				DEBUG_INFORMATION_FORMAT = dwarf;
				ENABLE_STRICT_OBJC_MSGSEND = YES;
				ENABLE_TESTABILITY = YES;
				ENABLE_USER_SCRIPT_SANDBOXING = YES;
				GCC_C_LANGUAGE_STANDARD = gnu17;
				GCC_DYNAMIC_NO_PIC = NO;
				GCC_NO_COMMON_BLOCKS = YES;
				GCC_OPTIMIZATION_LEVEL = 0;
				GCC_PREPROCESSOR_DEFINITIONS = (
					"DEBUG=1",
					"$(inherited)",
				);
				GCC_WARN_64_TO_32_BIT_CONVERSION = YES;
				GCC_WARN_ABOUT_RETURN_TYPE = YES_ERROR;
				GCC_WARN_UNDECLARED_SELECTOR = YES;
				GCC_WARN_UNINITIALIZED_AUTOS = YES_AGGRESSIVE;
				GCC_WARN_UNUSED_FUNCTION = YES;
				GCC_WARN_UNUSED_VARIABLE = YES;
				IPHONEOS_DEPLOYMENT_TARGET = 17.0;
				LOCALIZATION_PREFERS_STRING_CATALOGS = YES;
				MTL_ENABLE_DEBUG_INFO = INCLUDE_SOURCE;
				MTL_FAST_MATH = YES;
				ONLY_ACTIVE_ARCH = YES;
				SDKROOT = iphoneos;
				SWIFT_ACTIVE_COMPILATION_CONDITIONS = "DEBUG $(inherited)";
				SWIFT_OPTIMIZATION_LEVEL = "-Onone";
			};
			name = Debug;
		};
		04D4FA962AB7B1FB00AC679C /* Release */ = {
			isa = XCBuildConfiguration;
			buildSettings = {
				ALWAYS_SEARCH_USER_PATHS = NO;
				ASSETCATALOG_COMPILER_GENERATE_SWIFT_ASSET_SYMBOL_EXTENSIONS = YES;
				CLANG_ANALYZER_NONNULL = YES;
				CLANG_ANALYZER_NUMBER_OBJECT_CONVERSION = YES_AGGRESSIVE;
				CLANG_CXX_LANGUAGE_STANDARD = "gnu++20";
				CLANG_ENABLE_MODULES = YES;
				CLANG_ENABLE_OBJC_ARC = YES;
				CLANG_ENABLE_OBJC_WEAK = YES;
				CLANG_WARN_BLOCK_CAPTURE_AUTORELEASING = YES;
				CLANG_WARN_BOOL_CONVERSION = YES;
				CLANG_WARN_COMMA = YES;
				CLANG_WARN_CONSTANT_CONVERSION = YES;
				CLANG_WARN_DEPRECATED_OBJC_IMPLEMENTATIONS = YES;
				CLANG_WARN_DIRECT_OBJC_ISA_USAGE = YES_ERROR;
				CLANG_WARN_DOCUMENTATION_COMMENTS = YES;
				CLANG_WARN_EMPTY_BODY = YES;
				CLANG_WARN_ENUM_CONVERSION = YES;
				CLANG_WARN_INFINITE_RECURSION = YES;
				CLANG_WARN_INT_CONVERSION = YES;
				CLANG_WARN_NON_LITERAL_NULL_CONVERSION = YES;
				CLANG_WARN_OBJC_IMPLICIT_RETAIN_SELF = YES;
				CLANG_WARN_OBJC_LITERAL_CONVERSION = YES;
				CLANG_WARN_OBJC_ROOT_CLASS = YES_ERROR;
				CLANG_WARN_QUOTED_INCLUDE_IN_FRAMEWORK_HEADER = YES;
				CLANG_WARN_RANGE_LOOP_ANALYSIS = YES;
				CLANG_WARN_STRICT_PROTOTYPES = YES;
				CLANG_WARN_SUSPICIOUS_MOVE = YES;
				CLANG_WARN_UNGUARDED_AVAILABILITY = YES_AGGRESSIVE;
				CLANG_WARN_UNREACHABLE_CODE = YES;
				CLANG_WARN__DUPLICATE_METHOD_MATCH = YES;
				COPY_PHASE_STRIP = NO;
				DEBUG_INFORMATION_FORMAT = "dwarf-with-dsym";
				ENABLE_NS_ASSERTIONS = NO;
				ENABLE_STRICT_OBJC_MSGSEND = YES;
				ENABLE_USER_SCRIPT_SANDBOXING = YES;
				GCC_C_LANGUAGE_STANDARD = gnu17;
				GCC_NO_COMMON_BLOCKS = YES;
				GCC_WARN_64_TO_32_BIT_CONVERSION = YES;
				GCC_WARN_ABOUT_RETURN_TYPE = YES_ERROR;
				GCC_WARN_UNDECLARED_SELECTOR = YES;
				GCC_WARN_UNINITIALIZED_AUTOS = YES_AGGRESSIVE;
				GCC_WARN_UNUSED_FUNCTION = YES;
				GCC_WARN_UNUSED_VARIABLE = YES;
				IPHONEOS_DEPLOYMENT_TARGET = 17.0;
				LOCALIZATION_PREFERS_STRING_CATALOGS = YES;
				MTL_ENABLE_DEBUG_INFO = NO;
				MTL_FAST_MATH = YES;
				SDKROOT = iphoneos;
				SWIFT_COMPILATION_MODE = wholemodule;
				VALIDATE_PRODUCT = YES;
			};
			name = Release;
		};
		04D4FA982AB7B1FB00AC679C /* Debug */ = {
			isa = XCBuildConfiguration;
			buildSettings = {
				ASSETCATALOG_COMPILER_APPICON_NAME = AppIcon;
				ASSETCATALOG_COMPILER_GLOBAL_ACCENT_COLOR_NAME = AccentColor;
				CODE_SIGN_STYLE = Automatic;
				CURRENT_PROJECT_VERSION = 1;
				DEVELOPMENT_TEAM = WQNY636DWS;
				GENERATE_INFOPLIST_FILE = YES;
				INFOPLIST_FILE = Chap2BowTies/Info.plist;
				INFOPLIST_KEY_UIApplicationSupportsIndirectInputEvents = YES;
				INFOPLIST_KEY_UILaunchStoryboardName = LaunchScreen;
				INFOPLIST_KEY_UISupportedInterfaceOrientations_iPad = "UIInterfaceOrientationPortrait UIInterfaceOrientationPortraitUpsideDown UIInterfaceOrientationLandscapeLeft UIInterfaceOrientationLandscapeRight";
				INFOPLIST_KEY_UISupportedInterfaceOrientations_iPhone = "UIInterfaceOrientationPortrait UIInterfaceOrientationLandscapeLeft UIInterfaceOrientationLandscapeRight";
				LD_RUNPATH_SEARCH_PATHS = (
					"$(inherited)",
					"@executable_path/Frameworks",
				);
				MARKETING_VERSION = 1.0;
				PRODUCT_BUNDLE_IDENTIFIER = com.jastinmartinez.Chap2BowTies;
				PRODUCT_NAME = "$(TARGET_NAME)";
				SWIFT_EMIT_LOC_STRINGS = YES;
				SWIFT_VERSION = 5.0;
				TARGETED_DEVICE_FAMILY = "1,2";
			};
			name = Debug;
		};
		04D4FA992AB7B1FB00AC679C /* Release */ = {
			isa = XCBuildConfiguration;
			buildSettings = {
				ASSETCATALOG_COMPILER_APPICON_NAME = AppIcon;
				ASSETCATALOG_COMPILER_GLOBAL_ACCENT_COLOR_NAME = AccentColor;
				CODE_SIGN_STYLE = Automatic;
				CURRENT_PROJECT_VERSION = 1;
				DEVELOPMENT_TEAM = WQNY636DWS;
				GENERATE_INFOPLIST_FILE = YES;
				INFOPLIST_FILE = Chap2BowTies/Info.plist;
				INFOPLIST_KEY_UIApplicationSupportsIndirectInputEvents = YES;
				INFOPLIST_KEY_UILaunchStoryboardName = LaunchScreen;
				INFOPLIST_KEY_UISupportedInterfaceOrientations_iPad = "UIInterfaceOrientationPortrait UIInterfaceOrientationPortraitUpsideDown UIInterfaceOrientationLandscapeLeft UIInterfaceOrientationLandscapeRight";
				INFOPLIST_KEY_UISupportedInterfaceOrientations_iPhone = "UIInterfaceOrientationPortrait UIInterfaceOrientationLandscapeLeft UIInterfaceOrientationLandscapeRight";
				LD_RUNPATH_SEARCH_PATHS = (
					"$(inherited)",
					"@executable_path/Frameworks",
				);
				MARKETING_VERSION = 1.0;
				PRODUCT_BUNDLE_IDENTIFIER = com.jastinmartinez.Chap2BowTies;
				PRODUCT_NAME = "$(TARGET_NAME)";
				SWIFT_EMIT_LOC_STRINGS = YES;
				SWIFT_VERSION = 5.0;
				TARGETED_DEVICE_FAMILY = "1,2";
			};
			name = Release;
		};
/* End XCBuildConfiguration section */

/* Begin XCConfigurationList section */
		04D4FA7E2AB7B1F700AC679C /* Build configuration list for PBXProject "Chap2BowTies" */ = {
			isa = XCConfigurationList;
			buildConfigurations = (
				04D4FA952AB7B1FB00AC679C /* Debug */,
				04D4FA962AB7B1FB00AC679C /* Release */,
			);
			defaultConfigurationIsVisible = 0;
			defaultConfigurationName = Release;
		};
		04D4FA972AB7B1FB00AC679C /* Build configuration list for PBXNativeTarget "Chap2BowTies" */ = {
			isa = XCConfigurationList;
			buildConfigurations = (
				04D4FA982AB7B1FB00AC679C /* Debug */,
				04D4FA992AB7B1FB00AC679C /* Release */,
			);
			defaultConfigurationIsVisible = 0;
			defaultConfigurationName = Release;
		};
/* End XCConfigurationList section */

/* Begin XCVersionGroup section */
		04D4FA9E2AB7B3D700AC679C /* BowTies.xcdatamodeld */ = {
			isa = XCVersionGroup;
			children = (
				04D4FA9F2AB7B3D700AC679C /* BowTies.xcdatamodel */,
			);
			currentVersion = 04D4FA9F2AB7B3D700AC679C /* BowTies.xcdatamodel */;
			path = BowTies.xcdatamodeld;
			sourceTree = "<group>";
			versionGroupType = wrapper.xcdatamodel;
		};
/* End XCVersionGroup section */
	};
	rootObject = 04D4FA7B2AB7B1F700AC679C /* Project object */;
}
