// !$*UTF8*$!
{
	archiveVersion = 1;
	classes = {
	};
	objectVersion = 56;
	objects = {

/* Begin PBXBuildFile section */
		04B9038B2A66070800E008C4 /* AppDelegate.swift in Sources */ = {isa = PBXBuildFile; fileRef = 04B9038A2A66070800E008C4 /* AppDelegate.swift */; };
		04B9038D2A66070800E008C4 /* SceneDelegate.swift in Sources */ = {isa = PBXBuildFile; fileRef = 04B9038C2A66070800E008C4 /* SceneDelegate.swift */; };
		04B9038F2A66070800E008C4 /* ViewController.swift in Sources */ = {isa = PBXBuildFile; fileRef = 04B9038E2A66070800E008C4 /* ViewController.swift */; };
		04B903922A66070800E008C4 /* Main.storyboard in Resources */ = {isa = PBXBuildFile; fileRef = 04B903902A66070800E008C4 /* Main.storyboard */; };
		04B903942A66070A00E008C4 /* Assets.xcassets in Resources */ = {isa = PBXBuildFile; fileRef = 04B903932A66070A00E008C4 /* Assets.xcassets */; };
		04B903972A66070A00E008C4 /* LaunchScreen.storyboard in Resources */ = {isa = PBXBuildFile; fileRef = 04B903952A66070A00E008C4 /* LaunchScreen.storyboard */; };
		04B903A22A66070A00E008C4 /* Chapter5LoadVCTests.swift in Sources */ = {isa = PBXBuildFile; fileRef = 04B903A12A66070A00E008C4 /* Chapter5LoadVCTests.swift */; };
		04B903AC2A66070A00E008C4 /* Chapter5LoadVCUITests.swift in Sources */ = {isa = PBXBuildFile; fileRef = 04B903AB2A66070A00E008C4 /* Chapter5LoadVCUITests.swift */; };
		04B903AE2A66070A00E008C4 /* Chapter5LoadVCUITestsLaunchTests.swift in Sources */ = {isa = PBXBuildFile; fileRef = 04B903AD2A66070A00E008C4 /* Chapter5LoadVCUITestsLaunchTests.swift */; };
		04B903D42A675C5500E008C4 /* XIBViewController.swift in Sources */ = {isa = PBXBuildFile; fileRef = 04B903D22A675C5500E008C4 /* XIBViewController.swift */; };
		04B903D52A675C5500E008C4 /* XIBViewController.xib in Resources */ = {isa = PBXBuildFile; fileRef = 04B903D32A675C5500E008C4 /* XIBViewController.xib */; };
		04B903D72A675DE200E008C4 /* ManualViewController.swift in Sources */ = {isa = PBXBuildFile; fileRef = 04B903D62A675DE200E008C4 /* ManualViewController.swift */; };
/* End PBXBuildFile section */

/* Begin PBXContainerItemProxy section */
		04B9039E2A66070A00E008C4 /* PBXContainerItemProxy */ = {
			isa = PBXContainerItemProxy;
			containerPortal = 04B9037F2A66070800E008C4 /* Project object */;
			proxyType = 1;
			remoteGlobalIDString = 04B903862A66070800E008C4;
			remoteInfo = Chapter5LoadVC;
		};
		04B903A82A66070A00E008C4 /* PBXContainerItemProxy */ = {
			isa = PBXContainerItemProxy;
			containerPortal = 04B9037F2A66070800E008C4 /* Project object */;
			proxyType = 1;
			remoteGlobalIDString = 04B903862A66070800E008C4;
			remoteInfo = Chapter5LoadVC;
		};
/* End PBXContainerItemProxy section */

/* Begin PBXFileReference section */
		04B903872A66070800E008C4 /* Chapter5LoadVC.app */ = {isa = PBXFileReference; explicitFileType = wrapper.application; includeInIndex = 0; path = Chapter5LoadVC.app; sourceTree = BUILT_PRODUCTS_DIR; };
		04B9038A2A66070800E008C4 /* AppDelegate.swift */ = {isa = PBXFileReference; lastKnownFileType = sourcecode.swift; path = AppDelegate.swift; sourceTree = "<group>"; };
		04B9038C2A66070800E008C4 /* SceneDelegate.swift */ = {isa = PBXFileReference; lastKnownFileType = sourcecode.swift; path = SceneDelegate.swift; sourceTree = "<group>"; };
		04B9038E2A66070800E008C4 /* ViewController.swift */ = {isa = PBXFileReference; lastKnownFileType = sourcecode.swift; path = ViewController.swift; sourceTree = "<group>"; };
		04B903912A66070800E008C4 /* Base */ = {isa = PBXFileReference; lastKnownFileType = file.storyboard; name = Base; path = Base.lproj/Main.storyboard; sourceTree = "<group>"; };
		04B903932A66070A00E008C4 /* Assets.xcassets */ = {isa = PBXFileReference; lastKnownFileType = folder.assetcatalog; path = Assets.xcassets; sourceTree = "<group>"; };
		04B903962A66070A00E008C4 /* Base */ = {isa = PBXFileReference; lastKnownFileType = file.storyboard; name = Base; path = Base.lproj/LaunchScreen.storyboard; sourceTree = "<group>"; };
		04B903982A66070A00E008C4 /* Info.plist */ = {isa = PBXFileReference; lastKnownFileType = text.plist.xml; path = Info.plist; sourceTree = "<group>"; };
		04B9039D2A66070A00E008C4 /* Chapter5LoadVCTests.xctest */ = {isa = PBXFileReference; explicitFileType = wrapper.cfbundle; includeInIndex = 0; path = Chapter5LoadVCTests.xctest; sourceTree = BUILT_PRODUCTS_DIR; };
		04B903A12A66070A00E008C4 /* Chapter5LoadVCTests.swift */ = {isa = PBXFileReference; lastKnownFileType = sourcecode.swift; path = Chapter5LoadVCTests.swift; sourceTree = "<group>"; };
		04B903A72A66070A00E008C4 /* Chapter5LoadVCUITests.xctest */ = {isa = PBXFileReference; explicitFileType = wrapper.cfbundle; includeInIndex = 0; path = Chapter5LoadVCUITests.xctest; sourceTree = BUILT_PRODUCTS_DIR; };
		04B903AB2A66070A00E008C4 /* Chapter5LoadVCUITests.swift */ = {isa = PBXFileReference; lastKnownFileType = sourcecode.swift; path = Chapter5LoadVCUITests.swift; sourceTree = "<group>"; };
		04B903AD2A66070A00E008C4 /* Chapter5LoadVCUITestsLaunchTests.swift */ = {isa = PBXFileReference; lastKnownFileType = sourcecode.swift; path = Chapter5LoadVCUITestsLaunchTests.swift; sourceTree = "<group>"; };
		04B903D22A675C5500E008C4 /* XIBViewController.swift */ = {isa = PBXFileReference; lastKnownFileType = sourcecode.swift; path = XIBViewController.swift; sourceTree = "<group>"; };
		04B903D32A675C5500E008C4 /* XIBViewController.xib */ = {isa = PBXFileReference; lastKnownFileType = file.xib; path = XIBViewController.xib; sourceTree = "<group>"; };
		04B903D62A675DE200E008C4 /* ManualViewController.swift */ = {isa = PBXFileReference; lastKnownFileType = sourcecode.swift; path = ManualViewController.swift; sourceTree = "<group>"; };
/* End PBXFileReference section */

/* Begin PBXFrameworksBuildPhase section */
		04B903842A66070800E008C4 /* Frameworks */ = {
			isa = PBXFrameworksBuildPhase;
			buildActionMask = 2147483647;
			files = (
			);
			runOnlyForDeploymentPostprocessing = 0;
		};
		04B9039A2A66070A00E008C4 /* Frameworks */ = {
			isa = PBXFrameworksBuildPhase;
			buildActionMask = 2147483647;
			files = (
			);
			runOnlyForDeploymentPostprocessing = 0;
		};
		04B903A42A66070A00E008C4 /* Frameworks */ = {
			isa = PBXFrameworksBuildPhase;
			buildActionMask = 2147483647;
			files = (
			);
			runOnlyForDeploymentPostprocessing = 0;
		};
/* End PBXFrameworksBuildPhase section */

/* Begin PBXGroup section */
		04B9037E2A66070800E008C4 = {
			isa = PBXGroup;
			children = (
				04B903892A66070800E008C4 /* Chapter5LoadVC */,
				04B903A02A66070A00E008C4 /* Chapter5LoadVCTests */,
				04B903AA2A66070A00E008C4 /* Chapter5LoadVCUITests */,
				04B903882A66070800E008C4 /* Products */,
			);
			sourceTree = "<group>";
		};
		04B903882A66070800E008C4 /* Products */ = {
			isa = PBXGroup;
			children = (
				04B903872A66070800E008C4 /* Chapter5LoadVC.app */,
				04B9039D2A66070A00E008C4 /* Chapter5LoadVCTests.xctest */,
				04B903A72A66070A00E008C4 /* Chapter5LoadVCUITests.xctest */,
			);
			name = Products;
			sourceTree = "<group>";
		};
		04B903892A66070800E008C4 /* Chapter5LoadVC */ = {
			isa = PBXGroup;
			children = (
				04B9038A2A66070800E008C4 /* AppDelegate.swift */,
				04B9038C2A66070800E008C4 /* SceneDelegate.swift */,
				04B9038E2A66070800E008C4 /* ViewController.swift */,
				04B903902A66070800E008C4 /* Main.storyboard */,
				04B903932A66070A00E008C4 /* Assets.xcassets */,
				04B903952A66070A00E008C4 /* LaunchScreen.storyboard */,
				04B903982A66070A00E008C4 /* Info.plist */,
				04B903D22A675C5500E008C4 /* XIBViewController.swift */,
				04B903D32A675C5500E008C4 /* XIBViewController.xib */,
				04B903D62A675DE200E008C4 /* ManualViewController.swift */,
			);
			path = Chapter5LoadVC;
			sourceTree = "<group>";
		};
		04B903A02A66070A00E008C4 /* Chapter5LoadVCTests */ = {
			isa = PBXGroup;
			children = (
				04B903A12A66070A00E008C4 /* Chapter5LoadVCTests.swift */,
			);
			path = Chapter5LoadVCTests;
			sourceTree = "<group>";
		};
		04B903AA2A66070A00E008C4 /* Chapter5LoadVCUITests */ = {
			isa = PBXGroup;
			children = (
				04B903AB2A66070A00E008C4 /* Chapter5LoadVCUITests.swift */,
				04B903AD2A66070A00E008C4 /* Chapter5LoadVCUITestsLaunchTests.swift */,
			);
			path = Chapter5LoadVCUITests;
			sourceTree = "<group>";
		};
/* End PBXGroup section */

/* Begin PBXNativeTarget section */
		04B903862A66070800E008C4 /* Chapter5LoadVC */ = {
			isa = PBXNativeTarget;
			buildConfigurationList = 04B903B12A66070A00E008C4 /* Build configuration list for PBXNativeTarget "Chapter5LoadVC" */;
			buildPhases = (
				04B903832A66070800E008C4 /* Sources */,
				04B903842A66070800E008C4 /* Frameworks */,
				04B903852A66070800E008C4 /* Resources */,
			);
			buildRules = (
			);
			dependencies = (
			);
			name = Chapter5LoadVC;
			productName = Chapter5LoadVC;
			productReference = 04B903872A66070800E008C4 /* Chapter5LoadVC.app */;
			productType = "com.apple.product-type.application";
		};
		04B9039C2A66070A00E008C4 /* Chapter5LoadVCTests */ = {
			isa = PBXNativeTarget;
			buildConfigurationList = 04B903B42A66070A00E008C4 /* Build configuration list for PBXNativeTarget "Chapter5LoadVCTests" */;
			buildPhases = (
				04B903992A66070A00E008C4 /* Sources */,
				04B9039A2A66070A00E008C4 /* Frameworks */,
				04B9039B2A66070A00E008C4 /* Resources */,
			);
			buildRules = (
			);
			dependencies = (
				04B9039F2A66070A00E008C4 /* PBXTargetDependency */,
			);
			name = Chapter5LoadVCTests;
			productName = Chapter5LoadVCTests;
			productReference = 04B9039D2A66070A00E008C4 /* Chapter5LoadVCTests.xctest */;
			productType = "com.apple.product-type.bundle.unit-test";
		};
		04B903A62A66070A00E008C4 /* Chapter5LoadVCUITests */ = {
			isa = PBXNativeTarget;
			buildConfigurationList = 04B903B72A66070A00E008C4 /* Build configuration list for PBXNativeTarget "Chapter5LoadVCUITests" */;
			buildPhases = (
				04B903A32A66070A00E008C4 /* Sources */,
				04B903A42A66070A00E008C4 /* Frameworks */,
				04B903A52A66070A00E008C4 /* Resources */,
			);
			buildRules = (
			);
			dependencies = (
				04B903A92A66070A00E008C4 /* PBXTargetDependency */,
			);
			name = Chapter5LoadVCUITests;
			productName = Chapter5LoadVCUITests;
			productReference = 04B903A72A66070A00E008C4 /* Chapter5LoadVCUITests.xctest */;
			productType = "com.apple.product-type.bundle.ui-testing";
		};
/* End PBXNativeTarget section */

/* Begin PBXProject section */
		04B9037F2A66070800E008C4 /* Project object */ = {
			isa = PBXProject;
			attributes = {
				BuildIndependentTargetsInParallel = 1;
				LastSwiftUpdateCheck = 1430;
				LastUpgradeCheck = 1430;
				TargetAttributes = {
					04B903862A66070800E008C4 = {
						CreatedOnToolsVersion = 14.3.1;
					};
					04B9039C2A66070A00E008C4 = {
						CreatedOnToolsVersion = 14.3.1;
						TestTargetID = 04B903862A66070800E008C4;
					};
					04B903A62A66070A00E008C4 = {
						CreatedOnToolsVersion = 14.3.1;
						TestTargetID = 04B903862A66070800E008C4;
					};
				};
			};
			buildConfigurationList = 04B903822A66070800E008C4 /* Build configuration list for PBXProject "Chapter5LoadVC" */;
			compatibilityVersion = "Xcode 14.0";
			developmentRegion = en;
			hasScannedForEncodings = 0;
			knownRegions = (
				en,
				Base,
			);
			mainGroup = 04B9037E2A66070800E008C4;
			productRefGroup = 04B903882A66070800E008C4 /* Products */;
			projectDirPath = "";
			projectRoot = "";
			targets = (
				04B903862A66070800E008C4 /* Chapter5LoadVC */,
				04B9039C2A66070A00E008C4 /* Chapter5LoadVCTests */,
				04B903A62A66070A00E008C4 /* Chapter5LoadVCUITests */,
			);
		};
/* End PBXProject section */

/* Begin PBXResourcesBuildPhase section */
		04B903852A66070800E008C4 /* Resources */ = {
			isa = PBXResourcesBuildPhase;
			buildActionMask = 2147483647;
			files = (
				04B903D52A675C5500E008C4 /* XIBViewController.xib in Resources */,
				04B903972A66070A00E008C4 /* LaunchScreen.storyboard in Resources */,
				04B903942A66070A00E008C4 /* Assets.xcassets in Resources */,
				04B903922A66070800E008C4 /* Main.storyboard in Resources */,
			);
			runOnlyForDeploymentPostprocessing = 0;
		};
		04B9039B2A66070A00E008C4 /* Resources */ = {
			isa = PBXResourcesBuildPhase;
			buildActionMask = 2147483647;
			files = (
			);
			runOnlyForDeploymentPostprocessing = 0;
		};
		04B903A52A66070A00E008C4 /* Resources */ = {
			isa = PBXResourcesBuildPhase;
			buildActionMask = 2147483647;
			files = (
			);
			runOnlyForDeploymentPostprocessing = 0;
		};
/* End PBXResourcesBuildPhase section */

/* Begin PBXSourcesBuildPhase section */
		04B903832A66070800E008C4 /* Sources */ = {
			isa = PBXSourcesBuildPhase;
			buildActionMask = 2147483647;
			files = (
				04B903D42A675C5500E008C4 /* XIBViewController.swift in Sources */,
				04B9038F2A66070800E008C4 /* ViewController.swift in Sources */,
				04B9038B2A66070800E008C4 /* AppDelegate.swift in Sources */,
				04B903D72A675DE200E008C4 /* ManualViewController.swift in Sources */,
				04B9038D2A66070800E008C4 /* SceneDelegate.swift in Sources */,
			);
			runOnlyForDeploymentPostprocessing = 0;
		};
		04B903992A66070A00E008C4 /* Sources */ = {
			isa = PBXSourcesBuildPhase;
			buildActionMask = 2147483647;
			files = (
				04B903A22A66070A00E008C4 /* Chapter5LoadVCTests.swift in Sources */,
			);
			runOnlyForDeploymentPostprocessing = 0;
		};
		04B903A32A66070A00E008C4 /* Sources */ = {
			isa = PBXSourcesBuildPhase;
			buildActionMask = 2147483647;
			files = (
				04B903AC2A66070A00E008C4 /* Chapter5LoadVCUITests.swift in Sources */,
				04B903AE2A66070A00E008C4 /* Chapter5LoadVCUITestsLaunchTests.swift in Sources */,
			);
			runOnlyForDeploymentPostprocessing = 0;
		};
/* End PBXSourcesBuildPhase section */

/* Begin PBXTargetDependency section */
		04B9039F2A66070A00E008C4 /* PBXTargetDependency */ = {
			isa = PBXTargetDependency;
			target = 04B903862A66070800E008C4 /* Chapter5LoadVC */;
			targetProxy = 04B9039E2A66070A00E008C4 /* PBXContainerItemProxy */;
		};
		04B903A92A66070A00E008C4 /* PBXTargetDependency */ = {
			isa = PBXTargetDependency;
			target = 04B903862A66070800E008C4 /* Chapter5LoadVC */;
			targetProxy = 04B903A82A66070A00E008C4 /* PBXContainerItemProxy */;
		};
/* End PBXTargetDependency section */

/* Begin PBXVariantGroup section */
		04B903902A66070800E008C4 /* Main.storyboard */ = {
			isa = PBXVariantGroup;
			children = (
				04B903912A66070800E008C4 /* Base */,
			);
			name = Main.storyboard;
			sourceTree = "<group>";
		};
		04B903952A66070A00E008C4 /* LaunchScreen.storyboard */ = {
			isa = PBXVariantGroup;
			children = (
				04B903962A66070A00E008C4 /* Base */,
			);
			name = LaunchScreen.storyboard;
			sourceTree = "<group>";
		};
/* End PBXVariantGroup section */

/* Begin XCBuildConfiguration section */
		04B903AF2A66070A00E008C4 /* Debug */ = {
			isa = XCBuildConfiguration;
			buildSettings = {
				ALWAYS_SEARCH_USER_PATHS = NO;
				CLANG_ANALYZER_NONNULL = YES;
				CLANG_ANALYZER_NUMBER_OBJECT_CONVERSION = YES_AGGRESSIVE;
				CLANG_CXX_LANGUAGE_STANDARD = "gnu++20";
				CLANG_ENABLE_MODULES = YES;
				CLANG_ENABLE_OBJC_ARC = YES;
				CLANG_ENABLE_OBJC_WEAK = YES;
				CLANG_WARN_BLOCK_CAPTURE_AUTORELEASING = YES;
				CLANG_WARN_BOOL_CONVERSION = YES;
				CLANG_WARN_COMMA = YES;
				CLANG_WARN_CONSTANT_CONVERSION = YES;
				CLANG_WARN_DEPRECATED_OBJC_IMPLEMENTATIONS = YES;
				CLANG_WARN_DIRECT_OBJC_ISA_USAGE = YES_ERROR;
				CLANG_WARN_DOCUMENTATION_COMMENTS = YES;
				CLANG_WARN_EMPTY_BODY = YES;
				CLANG_WARN_ENUM_CONVERSION = YES;
				CLANG_WARN_INFINITE_RECURSION = YES;
				CLANG_WARN_INT_CONVERSION = YES;
				CLANG_WARN_NON_LITERAL_NULL_CONVERSION = YES;
				CLANG_WARN_OBJC_IMPLICIT_RETAIN_SELF = YES;
				CLANG_WARN_OBJC_LITERAL_CONVERSION = YES;
				CLANG_WARN_OBJC_ROOT_CLASS = YES_ERROR;
				CLANG_WARN_QUOTED_INCLUDE_IN_FRAMEWORK_HEADER = YES;
				CLANG_WARN_RANGE_LOOP_ANALYSIS = YES;
				CLANG_WARN_STRICT_PROTOTYPES = YES;
				CLANG_WARN_SUSPICIOUS_MOVE = YES;
				CLANG_WARN_UNGUARDED_AVAILABILITY = YES_AGGRESSIVE;
				CLANG_WARN_UNREACHABLE_CODE = YES;
				CLANG_WARN__DUPLICATE_METHOD_MATCH = YES;
				COPY_PHASE_STRIP = NO;
				DEBUG_INFORMATION_FORMAT = dwarf;
				ENABLE_STRICT_OBJC_MSGSEND = YES;
				ENABLE_TESTABILITY = YES;
				GCC_C_LANGUAGE_STANDARD = gnu11;
				GCC_DYNAMIC_NO_PIC = NO;
				GCC_NO_COMMON_BLOCKS = YES;
				GCC_OPTIMIZATION_LEVEL = 0;
				GCC_PREPROCESSOR_DEFINITIONS = (
					"DEBUG=1",
					"$(inherited)",
				);
				GCC_WARN_64_TO_32_BIT_CONVERSION = YES;
				GCC_WARN_ABOUT_RETURN_TYPE = YES_ERROR;
				GCC_WARN_UNDECLARED_SELECTOR = YES;
				GCC_WARN_UNINITIALIZED_AUTOS = YES_AGGRESSIVE;
				GCC_WARN_UNUSED_FUNCTION = YES;
				GCC_WARN_UNUSED_VARIABLE = YES;
				IPHONEOS_DEPLOYMENT_TARGET = 16.4;
				MTL_ENABLE_DEBUG_INFO = INCLUDE_SOURCE;
				MTL_FAST_MATH = YES;
				ONLY_ACTIVE_ARCH = YES;
				SDKROOT = iphoneos;
				SWIFT_ACTIVE_COMPILATION_CONDITIONS = DEBUG;
				SWIFT_OPTIMIZATION_LEVEL = "-Onone";
			};
			name = Debug;
		};
		04B903B02A66070A00E008C4 /* Release */ = {
			isa = XCBuildConfiguration;
			buildSettings = {
				ALWAYS_SEARCH_USER_PATHS = NO;
				CLANG_ANALYZER_NONNULL = YES;
				CLANG_ANALYZER_NUMBER_OBJECT_CONVERSION = YES_AGGRESSIVE;
				CLANG_CXX_LANGUAGE_STANDARD = "gnu++20";
				CLANG_ENABLE_MODULES = YES;
				CLANG_ENABLE_OBJC_ARC = YES;
				CLANG_ENABLE_OBJC_WEAK = YES;
				CLANG_WARN_BLOCK_CAPTURE_AUTORELEASING = YES;
				CLANG_WARN_BOOL_CONVERSION = YES;
				CLANG_WARN_COMMA = YES;
				CLANG_WARN_CONSTANT_CONVERSION = YES;
				CLANG_WARN_DEPRECATED_OBJC_IMPLEMENTATIONS = YES;
				CLANG_WARN_DIRECT_OBJC_ISA_USAGE = YES_ERROR;
				CLANG_WARN_DOCUMENTATION_COMMENTS = YES;
				CLANG_WARN_EMPTY_BODY = YES;
				CLANG_WARN_ENUM_CONVERSION = YES;
				CLANG_WARN_INFINITE_RECURSION = YES;
				CLANG_WARN_INT_CONVERSION = YES;
				CLANG_WARN_NON_LITERAL_NULL_CONVERSION = YES;
				CLANG_WARN_OBJC_IMPLICIT_RETAIN_SELF = YES;
				CLANG_WARN_OBJC_LITERAL_CONVERSION = YES;
				CLANG_WARN_OBJC_ROOT_CLASS = YES_ERROR;
				CLANG_WARN_QUOTED_INCLUDE_IN_FRAMEWORK_HEADER = YES;
				CLANG_WARN_RANGE_LOOP_ANALYSIS = YES;
				CLANG_WARN_STRICT_PROTOTYPES = YES;
				CLANG_WARN_SUSPICIOUS_MOVE = YES;
				CLANG_WARN_UNGUARDED_AVAILABILITY = YES_AGGRESSIVE;
				CLANG_WARN_UNREACHABLE_CODE = YES;
				CLANG_WARN__DUPLICATE_METHOD_MATCH = YES;
				COPY_PHASE_STRIP = NO;
				DEBUG_INFORMATION_FORMAT = "dwarf-with-dsym";
				ENABLE_NS_ASSERTIONS = NO;
				ENABLE_STRICT_OBJC_MSGSEND = YES;
				GCC_C_LANGUAGE_STANDARD = gnu11;
				GCC_NO_COMMON_BLOCKS = YES;
				GCC_WARN_64_TO_32_BIT_CONVERSION = YES;
				GCC_WARN_ABOUT_RETURN_TYPE = YES_ERROR;
				GCC_WARN_UNDECLARED_SELECTOR = YES;
				GCC_WARN_UNINITIALIZED_AUTOS = YES_AGGRESSIVE;
				GCC_WARN_UNUSED_FUNCTION = YES;
				GCC_WARN_UNUSED_VARIABLE = YES;
				IPHONEOS_DEPLOYMENT_TARGET = 16.4;
				MTL_ENABLE_DEBUG_INFO = NO;
				MTL_FAST_MATH = YES;
				SDKROOT = iphoneos;
				SWIFT_COMPILATION_MODE = wholemodule;
				SWIFT_OPTIMIZATION_LEVEL = "-O";
				VALIDATE_PRODUCT = YES;
			};
			name = Release;
		};
		04B903B22A66070A00E008C4 /* Debug */ = {
			isa = XCBuildConfiguration;
			buildSettings = {
				ASSETCATALOG_COMPILER_APPICON_NAME = AppIcon;
				ASSETCATALOG_COMPILER_GLOBAL_ACCENT_COLOR_NAME = AccentColor;
				CODE_SIGN_STYLE = Automatic;
				CURRENT_PROJECT_VERSION = 1;
				DEVELOPMENT_TEAM = WQNY636DWS;
				GENERATE_INFOPLIST_FILE = YES;
				INFOPLIST_FILE = Chapter5LoadVC/Info.plist;
				INFOPLIST_KEY_UIApplicationSupportsIndirectInputEvents = YES;
				INFOPLIST_KEY_UILaunchStoryboardName = LaunchScreen;
				INFOPLIST_KEY_UIMainStoryboardFile = Main;
				INFOPLIST_KEY_UISupportedInterfaceOrientations_iPad = "UIInterfaceOrientationPortrait UIInterfaceOrientationPortraitUpsideDown UIInterfaceOrientationLandscapeLeft UIInterfaceOrientationLandscapeRight";
				INFOPLIST_KEY_UISupportedInterfaceOrientations_iPhone = "UIInterfaceOrientationPortrait UIInterfaceOrientationLandscapeLeft UIInterfaceOrientationLandscapeRight";
				LD_RUNPATH_SEARCH_PATHS = (
					"$(inherited)",
					"@executable_path/Frameworks",
				);
				MARKETING_VERSION = 1.0;
				PRODUCT_BUNDLE_IDENTIFIER = com.jastinmartinez.Chapter5LoadVC;
				PRODUCT_NAME = "$(TARGET_NAME)";
				SWIFT_EMIT_LOC_STRINGS = YES;
				SWIFT_VERSION = 5.0;
				TARGETED_DEVICE_FAMILY = "1,2";
			};
			name = Debug;
		};
		04B903B32A66070A00E008C4 /* Release */ = {
			isa = XCBuildConfiguration;
			buildSettings = {
				ASSETCATALOG_COMPILER_APPICON_NAME = AppIcon;
				ASSETCATALOG_COMPILER_GLOBAL_ACCENT_COLOR_NAME = AccentColor;
				CODE_SIGN_STYLE = Automatic;
				CURRENT_PROJECT_VERSION = 1;
				DEVELOPMENT_TEAM = WQNY636DWS;
				GENERATE_INFOPLIST_FILE = YES;
				INFOPLIST_FILE = Chapter5LoadVC/Info.plist;
				INFOPLIST_KEY_UIApplicationSupportsIndirectInputEvents = YES;
				INFOPLIST_KEY_UILaunchStoryboardName = LaunchScreen;
				INFOPLIST_KEY_UIMainStoryboardFile = Main;
				INFOPLIST_KEY_UISupportedInterfaceOrientations_iPad = "UIInterfaceOrientationPortrait UIInterfaceOrientationPortraitUpsideDown UIInterfaceOrientationLandscapeLeft UIInterfaceOrientationLandscapeRight";
				INFOPLIST_KEY_UISupportedInterfaceOrientations_iPhone = "UIInterfaceOrientationPortrait UIInterfaceOrientationLandscapeLeft UIInterfaceOrientationLandscapeRight";
				LD_RUNPATH_SEARCH_PATHS = (
					"$(inherited)",
					"@executable_path/Frameworks",
				);
				MARKETING_VERSION = 1.0;
				PRODUCT_BUNDLE_IDENTIFIER = com.jastinmartinez.Chapter5LoadVC;
				PRODUCT_NAME = "$(TARGET_NAME)";
				SWIFT_EMIT_LOC_STRINGS = YES;
				SWIFT_VERSION = 5.0;
				TARGETED_DEVICE_FAMILY = "1,2";
			};
			name = Release;
		};
		04B903B52A66070A00E008C4 /* Debug */ = {
			isa = XCBuildConfiguration;
			buildSettings = {
				ALWAYS_EMBED_SWIFT_STANDARD_LIBRARIES = YES;
				BUNDLE_LOADER = "$(TEST_HOST)";
				CODE_SIGN_STYLE = Automatic;
				CURRENT_PROJECT_VERSION = 1;
				DEVELOPMENT_TEAM = WQNY636DWS;
				GENERATE_INFOPLIST_FILE = YES;
				IPHONEOS_DEPLOYMENT_TARGET = 16.4;
				MARKETING_VERSION = 1.0;
				PRODUCT_BUNDLE_IDENTIFIER = com.jastinmartinez.Chapter5LoadVCTests;
				PRODUCT_NAME = "$(TARGET_NAME)";
				SWIFT_EMIT_LOC_STRINGS = NO;
				SWIFT_VERSION = 5.0;
				TARGETED_DEVICE_FAMILY = "1,2";
				TEST_HOST = "$(BUILT_PRODUCTS_DIR)/Chapter5LoadVC.app/$(BUNDLE_EXECUTABLE_FOLDER_PATH)/Chapter5LoadVC";
			};
			name = Debug;
		};
		04B903B62A66070A00E008C4 /* Release */ = {
			isa = XCBuildConfiguration;
			buildSettings = {
				ALWAYS_EMBED_SWIFT_STANDARD_LIBRARIES = YES;
				BUNDLE_LOADER = "$(TEST_HOST)";
				CODE_SIGN_STYLE = Automatic;
				CURRENT_PROJECT_VERSION = 1;
				DEVELOPMENT_TEAM = WQNY636DWS;
				GENERATE_INFOPLIST_FILE = YES;
				IPHONEOS_DEPLOYMENT_TARGET = 16.4;
				MARKETING_VERSION = 1.0;
				PRODUCT_BUNDLE_IDENTIFIER = com.jastinmartinez.Chapter5LoadVCTests;
				PRODUCT_NAME = "$(TARGET_NAME)";
				SWIFT_EMIT_LOC_STRINGS = NO;
				SWIFT_VERSION = 5.0;
				TARGETED_DEVICE_FAMILY = "1,2";
				TEST_HOST = "$(BUILT_PRODUCTS_DIR)/Chapter5LoadVC.app/$(BUNDLE_EXECUTABLE_FOLDER_PATH)/Chapter5LoadVC";
			};
			name = Release;
		};
		04B903B82A66070A00E008C4 /* Debug */ = {
			isa = XCBuildConfiguration;
			buildSettings = {
				ALWAYS_EMBED_SWIFT_STANDARD_LIBRARIES = YES;
				CODE_SIGN_STYLE = Automatic;
				CURRENT_PROJECT_VERSION = 1;
				DEVELOPMENT_TEAM = WQNY636DWS;
				GENERATE_INFOPLIST_FILE = YES;
				MARKETING_VERSION = 1.0;
				PRODUCT_BUNDLE_IDENTIFIER = com.jastinmartinez.Chapter5LoadVCUITests;
				PRODUCT_NAME = "$(TARGET_NAME)";
				SWIFT_EMIT_LOC_STRINGS = NO;
				SWIFT_VERSION = 5.0;
				TARGETED_DEVICE_FAMILY = "1,2";
				TEST_TARGET_NAME = Chapter5LoadVC;
			};
			name = Debug;
		};
		04B903B92A66070A00E008C4 /* Release */ = {
			isa = XCBuildConfiguration;
			buildSettings = {
				ALWAYS_EMBED_SWIFT_STANDARD_LIBRARIES = YES;
				CODE_SIGN_STYLE = Automatic;
				CURRENT_PROJECT_VERSION = 1;
				DEVELOPMENT_TEAM = WQNY636DWS;
				GENERATE_INFOPLIST_FILE = YES;
				MARKETING_VERSION = 1.0;
				PRODUCT_BUNDLE_IDENTIFIER = com.jastinmartinez.Chapter5LoadVCUITests;
				PRODUCT_NAME = "$(TARGET_NAME)";
				SWIFT_EMIT_LOC_STRINGS = NO;
				SWIFT_VERSION = 5.0;
				TARGETED_DEVICE_FAMILY = "1,2";
				TEST_TARGET_NAME = Chapter5LoadVC;
			};
			name = Release;
		};
/* End XCBuildConfiguration section */

/* Begin XCConfigurationList section */
		04B903822A66070800E008C4 /* Build configuration list for PBXProject "Chapter5LoadVC" */ = {
			isa = XCConfigurationList;
			buildConfigurations = (
				04B903AF2A66070A00E008C4 /* Debug */,
				04B903B02A66070A00E008C4 /* Release */,
			);
			defaultConfigurationIsVisible = 0;
			defaultConfigurationName = Release;
		};
		04B903B12A66070A00E008C4 /* Build configuration list for PBXNativeTarget "Chapter5LoadVC" */ = {
			isa = XCConfigurationList;
			buildConfigurations = (
				04B903B22A66070A00E008C4 /* Debug */,
				04B903B32A66070A00E008C4 /* Release */,
			);
			defaultConfigurationIsVisible = 0;
			defaultConfigurationName = Release;
		};
		04B903B42A66070A00E008C4 /* Build configuration list for PBXNativeTarget "Chapter5LoadVCTests" */ = {
			isa = XCConfigurationList;
			buildConfigurations = (
				04B903B52A66070A00E008C4 /* Debug */,
				04B903B62A66070A00E008C4 /* Release */,
			);
			defaultConfigurationIsVisible = 0;
			defaultConfigurationName = Release;
		};
		04B903B72A66070A00E008C4 /* Build configuration list for PBXNativeTarget "Chapter5LoadVCUITests" */ = {
			isa = XCConfigurationList;
			buildConfigurations = (
				04B903B82A66070A00E008C4 /* Debug */,
				04B903B92A66070A00E008C4 /* Release */,
			);
			defaultConfigurationIsVisible = 0;
			defaultConfigurationName = Release;
		};
/* End XCConfigurationList section */
	};
	rootObject = 04B9037F2A66070800E008C4 /* Project object */;
}
