// !$*UTF8*$!
{
	archiveVersion = 1;
	classes = {
	};
	objectVersion = 56;
	objects = {

/* Begin PBXBuildFile section */
		047C91E92A6DEA0500A760E6 /* AppDelegate.swift in Sources */ = {isa = PBXBuildFile; fileRef = 047C91E82A6DEA0500A760E6 /* AppDelegate.swift */; };
		047C91EB2A6DEA0500A760E6 /* SceneDelegate.swift in Sources */ = {isa = PBXBuildFile; fileRef = 047C91EA2A6DEA0500A760E6 /* SceneDelegate.swift */; };
		047C91ED2A6DEA0500A760E6 /* ViewController.swift in Sources */ = {isa = PBXBuildFile; fileRef = 047C91EC2A6DEA0500A760E6 /* ViewController.swift */; };
		047C91F02A6DEA0500A760E6 /* Main.storyboard in Resources */ = {isa = PBXBuildFile; fileRef = 047C91EE2A6DEA0500A760E6 /* Main.storyboard */; };
		047C91F22A6DEA0600A760E6 /* Assets.xcassets in Resources */ = {isa = PBXBuildFile; fileRef = 047C91F12A6DEA0600A760E6 /* Assets.xcassets */; };
		047C91F52A6DEA0600A760E6 /* LaunchScreen.storyboard in Resources */ = {isa = PBXBuildFile; fileRef = 047C91F32A6DEA0600A760E6 /* LaunchScreen.storyboard */; };
		047C92002A6DEA0600A760E6 /* Chapter7OutlersTests.swift in Sources */ = {isa = PBXBuildFile; fileRef = 047C91FF2A6DEA0600A760E6 /* Chapter7OutlersTests.swift */; };
		047C921A2A6DEA3900A760E6 /* OutletViewController.swift in Sources */ = {isa = PBXBuildFile; fileRef = 047C92182A6DEA3900A760E6 /* OutletViewController.swift */; };
		047C921B2A6DEA3900A760E6 /* OutletViewController.xib in Resources */ = {isa = PBXBuildFile; fileRef = 047C92192A6DEA3900A760E6 /* OutletViewController.xib */; };
/* End PBXBuildFile section */

/* Begin PBXContainerItemProxy section */
		047C91FC2A6DEA0600A760E6 /* PBXContainerItemProxy */ = {
			isa = PBXContainerItemProxy;
			containerPortal = 047C91DD2A6DEA0500A760E6 /* Project object */;
			proxyType = 1;
			remoteGlobalIDString = 047C91E42A6DEA0500A760E6;
			remoteInfo = Chapter7Outlers;
		};
/* End PBXContainerItemProxy section */

/* Begin PBXFileReference section */
		047C91E52A6DEA0500A760E6 /* Chapter7Outlers.app */ = {isa = PBXFileReference; explicitFileType = wrapper.application; includeInIndex = 0; path = Chapter7Outlers.app; sourceTree = BUILT_PRODUCTS_DIR; };
		047C91E82A6DEA0500A760E6 /* AppDelegate.swift */ = {isa = PBXFileReference; lastKnownFileType = sourcecode.swift; path = AppDelegate.swift; sourceTree = "<group>"; };
		047C91EA2A6DEA0500A760E6 /* SceneDelegate.swift */ = {isa = PBXFileReference; lastKnownFileType = sourcecode.swift; path = SceneDelegate.swift; sourceTree = "<group>"; };
		047C91EC2A6DEA0500A760E6 /* ViewController.swift */ = {isa = PBXFileReference; lastKnownFileType = sourcecode.swift; path = ViewController.swift; sourceTree = "<group>"; };
		047C91EF2A6DEA0500A760E6 /* Base */ = {isa = PBXFileReference; lastKnownFileType = file.storyboard; name = Base; path = Base.lproj/Main.storyboard; sourceTree = "<group>"; };
		047C91F12A6DEA0600A760E6 /* Assets.xcassets */ = {isa = PBXFileReference; lastKnownFileType = folder.assetcatalog; path = Assets.xcassets; sourceTree = "<group>"; };
		047C91F42A6DEA0600A760E6 /* Base */ = {isa = PBXFileReference; lastKnownFileType = file.storyboard; name = Base; path = Base.lproj/LaunchScreen.storyboard; sourceTree = "<group>"; };
		047C91F62A6DEA0600A760E6 /* Info.plist */ = {isa = PBXFileReference; lastKnownFileType = text.plist.xml; path = Info.plist; sourceTree = "<group>"; };
		047C91FB2A6DEA0600A760E6 /* Chapter7OutlersTests.xctest */ = {isa = PBXFileReference; explicitFileType = wrapper.cfbundle; includeInIndex = 0; path = Chapter7OutlersTests.xctest; sourceTree = BUILT_PRODUCTS_DIR; };
		047C91FF2A6DEA0600A760E6 /* Chapter7OutlersTests.swift */ = {isa = PBXFileReference; lastKnownFileType = sourcecode.swift; path = Chapter7OutlersTests.swift; sourceTree = "<group>"; };
		047C92182A6DEA3900A760E6 /* OutletViewController.swift */ = {isa = PBXFileReference; lastKnownFileType = sourcecode.swift; path = OutletViewController.swift; sourceTree = "<group>"; };
		047C92192A6DEA3900A760E6 /* OutletViewController.xib */ = {isa = PBXFileReference; lastKnownFileType = file.xib; path = OutletViewController.xib; sourceTree = "<group>"; };
/* End PBXFileReference section */

/* Begin PBXFrameworksBuildPhase section */
		047C91E22A6DEA0500A760E6 /* Frameworks */ = {
			isa = PBXFrameworksBuildPhase;
			buildActionMask = 2147483647;
			files = (
			);
			runOnlyForDeploymentPostprocessing = 0;
		};
		047C91F82A6DEA0600A760E6 /* Frameworks */ = {
			isa = PBXFrameworksBuildPhase;
			buildActionMask = 2147483647;
			files = (
			);
			runOnlyForDeploymentPostprocessing = 0;
		};
/* End PBXFrameworksBuildPhase section */

/* Begin PBXGroup section */
		047C91DC2A6DEA0500A760E6 = {
			isa = PBXGroup;
			children = (
				047C91E72A6DEA0500A760E6 /* Chapter7Outlers */,
				047C91FE2A6DEA0600A760E6 /* Chapter7OutlersTests */,
				047C91E62A6DEA0500A760E6 /* Products */,
			);
			sourceTree = "<group>";
		};
		047C91E62A6DEA0500A760E6 /* Products */ = {
			isa = PBXGroup;
			children = (
				047C91E52A6DEA0500A760E6 /* Chapter7Outlers.app */,
				047C91FB2A6DEA0600A760E6 /* Chapter7OutlersTests.xctest */,
			);
			name = Products;
			sourceTree = "<group>";
		};
		047C91E72A6DEA0500A760E6 /* Chapter7Outlers */ = {
			isa = PBXGroup;
			children = (
				047C91E82A6DEA0500A760E6 /* AppDelegate.swift */,
				047C91EA2A6DEA0500A760E6 /* SceneDelegate.swift */,
				047C91EC2A6DEA0500A760E6 /* ViewController.swift */,
				047C91EE2A6DEA0500A760E6 /* Main.storyboard */,
				047C91F12A6DEA0600A760E6 /* Assets.xcassets */,
				047C91F32A6DEA0600A760E6 /* LaunchScreen.storyboard */,
				047C91F62A6DEA0600A760E6 /* Info.plist */,
				047C92182A6DEA3900A760E6 /* OutletViewController.swift */,
				047C92192A6DEA3900A760E6 /* OutletViewController.xib */,
			);
			path = Chapter7Outlers;
			sourceTree = "<group>";
		};
		047C91FE2A6DEA0600A760E6 /* Chapter7OutlersTests */ = {
			isa = PBXGroup;
			children = (
				047C91FF2A6DEA0600A760E6 /* Chapter7OutlersTests.swift */,
			);
			path = Chapter7OutlersTests;
			sourceTree = "<group>";
		};
/* End PBXGroup section */

/* Begin PBXNativeTarget section */
		047C91E42A6DEA0500A760E6 /* Chapter7Outlers */ = {
			isa = PBXNativeTarget;
			buildConfigurationList = 047C920F2A6DEA0600A760E6 /* Build configuration list for PBXNativeTarget "Chapter7Outlers" */;
			buildPhases = (
				047C91E12A6DEA0500A760E6 /* Sources */,
				047C91E22A6DEA0500A760E6 /* Frameworks */,
				047C91E32A6DEA0500A760E6 /* Resources */,
			);
			buildRules = (
			);
			dependencies = (
			);
			name = Chapter7Outlers;
			productName = Chapter7Outlers;
			productReference = 047C91E52A6DEA0500A760E6 /* Chapter7Outlers.app */;
			productType = "com.apple.product-type.application";
		};
		047C91FA2A6DEA0600A760E6 /* Chapter7OutlersTests */ = {
			isa = PBXNativeTarget;
			buildConfigurationList = 047C92122A6DEA0600A760E6 /* Build configuration list for PBXNativeTarget "Chapter7OutlersTests" */;
			buildPhases = (
				047C91F72A6DEA0600A760E6 /* Sources */,
				047C91F82A6DEA0600A760E6 /* Frameworks */,
				047C91F92A6DEA0600A760E6 /* Resources */,
			);
			buildRules = (
			);
			dependencies = (
				047C91FD2A6DEA0600A760E6 /* PBXTargetDependency */,
			);
			name = Chapter7OutlersTests;
			productName = Chapter7OutlersTests;
			productReference = 047C91FB2A6DEA0600A760E6 /* Chapter7OutlersTests.xctest */;
			productType = "com.apple.product-type.bundle.unit-test";
		};
/* End PBXNativeTarget section */

/* Begin PBXProject section */
		047C91DD2A6DEA0500A760E6 /* Project object */ = {
			isa = PBXProject;
			attributes = {
				BuildIndependentTargetsInParallel = 1;
				LastSwiftUpdateCheck = 1430;
				LastUpgradeCheck = 1430;
				TargetAttributes = {
					047C91E42A6DEA0500A760E6 = {
						CreatedOnToolsVersion = 14.3.1;
					};
					047C91FA2A6DEA0600A760E6 = {
						CreatedOnToolsVersion = 14.3.1;
						TestTargetID = 047C91E42A6DEA0500A760E6;
					};
				};
			};
			buildConfigurationList = 047C91E02A6DEA0500A760E6 /* Build configuration list for PBXProject "Chapter7Outlers" */;
			compatibilityVersion = "Xcode 14.0";
			developmentRegion = en;
			hasScannedForEncodings = 0;
			knownRegions = (
				en,
				Base,
			);
			mainGroup = 047C91DC2A6DEA0500A760E6;
			productRefGroup = 047C91E62A6DEA0500A760E6 /* Products */;
			projectDirPath = "";
			projectRoot = "";
			targets = (
				047C91E42A6DEA0500A760E6 /* Chapter7Outlers */,
				047C91FA2A6DEA0600A760E6 /* Chapter7OutlersTests */,
			);
		};
/* End PBXProject section */

/* Begin PBXResourcesBuildPhase section */
		047C91E32A6DEA0500A760E6 /* Resources */ = {
			isa = PBXResourcesBuildPhase;
			buildActionMask = 2147483647;
			files = (
				047C91F52A6DEA0600A760E6 /* LaunchScreen.storyboard in Resources */,
				047C921B2A6DEA3900A760E6 /* OutletViewController.xib in Resources */,
				047C91F22A6DEA0600A760E6 /* Assets.xcassets in Resources */,
				047C91F02A6DEA0500A760E6 /* Main.storyboard in Resources */,
			);
			runOnlyForDeploymentPostprocessing = 0;
		};
		047C91F92A6DEA0600A760E6 /* Resources */ = {
			isa = PBXResourcesBuildPhase;
			buildActionMask = 2147483647;
			files = (
			);
			runOnlyForDeploymentPostprocessing = 0;
		};
/* End PBXResourcesBuildPhase section */

/* Begin PBXSourcesBuildPhase section */
		047C91E12A6DEA0500A760E6 /* Sources */ = {
			isa = PBXSourcesBuildPhase;
			buildActionMask = 2147483647;
			files = (
				047C91ED2A6DEA0500A760E6 /* ViewController.swift in Sources */,
				047C921A2A6DEA3900A760E6 /* OutletViewController.swift in Sources */,
				047C91E92A6DEA0500A760E6 /* AppDelegate.swift in Sources */,
				047C91EB2A6DEA0500A760E6 /* SceneDelegate.swift in Sources */,
			);
			runOnlyForDeploymentPostprocessing = 0;
		};
		047C91F72A6DEA0600A760E6 /* Sources */ = {
			isa = PBXSourcesBuildPhase;
			buildActionMask = 2147483647;
			files = (
				047C92002A6DEA0600A760E6 /* Chapter7OutlersTests.swift in Sources */,
			);
			runOnlyForDeploymentPostprocessing = 0;
		};
/* End PBXSourcesBuildPhase section */

/* Begin PBXTargetDependency section */
		047C91FD2A6DEA0600A760E6 /* PBXTargetDependency */ = {
			isa = PBXTargetDependency;
			target = 047C91E42A6DEA0500A760E6 /* Chapter7Outlers */;
			targetProxy = 047C91FC2A6DEA0600A760E6 /* PBXContainerItemProxy */;
		};
/* End PBXTargetDependency section */

/* Begin PBXVariantGroup section */
		047C91EE2A6DEA0500A760E6 /* Main.storyboard */ = {
			isa = PBXVariantGroup;
			children = (
				047C91EF2A6DEA0500A760E6 /* Base */,
			);
			name = Main.storyboard;
			sourceTree = "<group>";
		};
		047C91F32A6DEA0600A760E6 /* LaunchScreen.storyboard */ = {
			isa = PBXVariantGroup;
			children = (
				047C91F42A6DEA0600A760E6 /* Base */,
			);
			name = LaunchScreen.storyboard;
			sourceTree = "<group>";
		};
/* End PBXVariantGroup section */

/* Begin XCBuildConfiguration section */
		047C920D2A6DEA0600A760E6 /* Debug */ = {
			isa = XCBuildConfiguration;
			buildSettings = {
				ALWAYS_SEARCH_USER_PATHS = NO;
				CLANG_ANALYZER_NONNULL = YES;
				CLANG_ANALYZER_NUMBER_OBJECT_CONVERSION = YES_AGGRESSIVE;
				CLANG_CXX_LANGUAGE_STANDARD = "gnu++20";
				CLANG_ENABLE_MODULES = YES;
				CLANG_ENABLE_OBJC_ARC = YES;
				CLANG_ENABLE_OBJC_WEAK = YES;
				CLANG_WARN_BLOCK_CAPTURE_AUTORELEASING = YES;
				CLANG_WARN_BOOL_CONVERSION = YES;
				CLANG_WARN_COMMA = YES;
				CLANG_WARN_CONSTANT_CONVERSION = YES;
				CLANG_WARN_DEPRECATED_OBJC_IMPLEMENTATIONS = YES;
				CLANG_WARN_DIRECT_OBJC_ISA_USAGE = YES_ERROR;
				CLANG_WARN_DOCUMENTATION_COMMENTS = YES;
				CLANG_WARN_EMPTY_BODY = YES;
				CLANG_WARN_ENUM_CONVERSION = YES;
				CLANG_WARN_INFINITE_RECURSION = YES;
				CLANG_WARN_INT_CONVERSION = YES;
				CLANG_WARN_NON_LITERAL_NULL_CONVERSION = YES;
				CLANG_WARN_OBJC_IMPLICIT_RETAIN_SELF = YES;
				CLANG_WARN_OBJC_LITERAL_CONVERSION = YES;
				CLANG_WARN_OBJC_ROOT_CLASS = YES_ERROR;
				CLANG_WARN_QUOTED_INCLUDE_IN_FRAMEWORK_HEADER = YES;
				CLANG_WARN_RANGE_LOOP_ANALYSIS = YES;
				CLANG_WARN_STRICT_PROTOTYPES = YES;
				CLANG_WARN_SUSPICIOUS_MOVE = YES;
				CLANG_WARN_UNGUARDED_AVAILABILITY = YES_AGGRESSIVE;
				CLANG_WARN_UNREACHABLE_CODE = YES;
				CLANG_WARN__DUPLICATE_METHOD_MATCH = YES;
				COPY_PHASE_STRIP = NO;
				DEBUG_INFORMATION_FORMAT = dwarf;
				ENABLE_STRICT_OBJC_MSGSEND = YES;
				ENABLE_TESTABILITY = YES;
				GCC_C_LANGUAGE_STANDARD = gnu11;
				GCC_DYNAMIC_NO_PIC = NO;
				GCC_NO_COMMON_BLOCKS = YES;
				GCC_OPTIMIZATION_LEVEL = 0;
				GCC_PREPROCESSOR_DEFINITIONS = (
					"DEBUG=1",
					"$(inherited)",
				);
				GCC_WARN_64_TO_32_BIT_CONVERSION = YES;
				GCC_WARN_ABOUT_RETURN_TYPE = YES_ERROR;
				GCC_WARN_UNDECLARED_SELECTOR = YES;
				GCC_WARN_UNINITIALIZED_AUTOS = YES_AGGRESSIVE;
				GCC_WARN_UNUSED_FUNCTION = YES;
				GCC_WARN_UNUSED_VARIABLE = YES;
				IPHONEOS_DEPLOYMENT_TARGET = 16.4;
				MTL_ENABLE_DEBUG_INFO = INCLUDE_SOURCE;
				MTL_FAST_MATH = YES;
				ONLY_ACTIVE_ARCH = YES;
				SDKROOT = iphoneos;
				SWIFT_ACTIVE_COMPILATION_CONDITIONS = DEBUG;
				SWIFT_OPTIMIZATION_LEVEL = "-Onone";
			};
			name = Debug;
		};
		047C920E2A6DEA0600A760E6 /* Release */ = {
			isa = XCBuildConfiguration;
			buildSettings = {
				ALWAYS_SEARCH_USER_PATHS = NO;
				CLANG_ANALYZER_NONNULL = YES;
				CLANG_ANALYZER_NUMBER_OBJECT_CONVERSION = YES_AGGRESSIVE;
				CLANG_CXX_LANGUAGE_STANDARD = "gnu++20";
				CLANG_ENABLE_MODULES = YES;
				CLANG_ENABLE_OBJC_ARC = YES;
				CLANG_ENABLE_OBJC_WEAK = YES;
				CLANG_WARN_BLOCK_CAPTURE_AUTORELEASING = YES;
				CLANG_WARN_BOOL_CONVERSION = YES;
				CLANG_WARN_COMMA = YES;
				CLANG_WARN_CONSTANT_CONVERSION = YES;
				CLANG_WARN_DEPRECATED_OBJC_IMPLEMENTATIONS = YES;
				CLANG_WARN_DIRECT_OBJC_ISA_USAGE = YES_ERROR;
				CLANG_WARN_DOCUMENTATION_COMMENTS = YES;
				CLANG_WARN_EMPTY_BODY = YES;
				CLANG_WARN_ENUM_CONVERSION = YES;
				CLANG_WARN_INFINITE_RECURSION = YES;
				CLANG_WARN_INT_CONVERSION = YES;
				CLANG_WARN_NON_LITERAL_NULL_CONVERSION = YES;
				CLANG_WARN_OBJC_IMPLICIT_RETAIN_SELF = YES;
				CLANG_WARN_OBJC_LITERAL_CONVERSION = YES;
				CLANG_WARN_OBJC_ROOT_CLASS = YES_ERROR;
				CLANG_WARN_QUOTED_INCLUDE_IN_FRAMEWORK_HEADER = YES;
				CLANG_WARN_RANGE_LOOP_ANALYSIS = YES;
				CLANG_WARN_STRICT_PROTOTYPES = YES;
				CLANG_WARN_SUSPICIOUS_MOVE = YES;
				CLANG_WARN_UNGUARDED_AVAILABILITY = YES_AGGRESSIVE;
				CLANG_WARN_UNREACHABLE_CODE = YES;
				CLANG_WARN__DUPLICATE_METHOD_MATCH = YES;
				COPY_PHASE_STRIP = NO;
				DEBUG_INFORMATION_FORMAT = "dwarf-with-dsym";
				ENABLE_NS_ASSERTIONS = NO;
				ENABLE_STRICT_OBJC_MSGSEND = YES;
				GCC_C_LANGUAGE_STANDARD = gnu11;
				GCC_NO_COMMON_BLOCKS = YES;
				GCC_WARN_64_TO_32_BIT_CONVERSION = YES;
				GCC_WARN_ABOUT_RETURN_TYPE = YES_ERROR;
				GCC_WARN_UNDECLARED_SELECTOR = YES;
				GCC_WARN_UNINITIALIZED_AUTOS = YES_AGGRESSIVE;
				GCC_WARN_UNUSED_FUNCTION = YES;
				GCC_WARN_UNUSED_VARIABLE = YES;
				IPHONEOS_DEPLOYMENT_TARGET = 16.4;
				MTL_ENABLE_DEBUG_INFO = NO;
				MTL_FAST_MATH = YES;
				SDKROOT = iphoneos;
				SWIFT_COMPILATION_MODE = wholemodule;
				SWIFT_OPTIMIZATION_LEVEL = "-O";
				VALIDATE_PRODUCT = YES;
			};
			name = Release;
		};
		047C92102A6DEA0600A760E6 /* Debug */ = {
			isa = XCBuildConfiguration;
			buildSettings = {
				ASSETCATALOG_COMPILER_APPICON_NAME = AppIcon;
				ASSETCATALOG_COMPILER_GLOBAL_ACCENT_COLOR_NAME = AccentColor;
				CODE_SIGN_STYLE = Automatic;
				CURRENT_PROJECT_VERSION = 1;
				DEVELOPMENT_TEAM = WQNY636DWS;
				GENERATE_INFOPLIST_FILE = YES;
				INFOPLIST_FILE = Chapter7Outlers/Info.plist;
				INFOPLIST_KEY_UIApplicationSupportsIndirectInputEvents = YES;
				INFOPLIST_KEY_UILaunchStoryboardName = LaunchScreen;
				INFOPLIST_KEY_UIMainStoryboardFile = Main;
				INFOPLIST_KEY_UISupportedInterfaceOrientations_iPad = "UIInterfaceOrientationPortrait UIInterfaceOrientationPortraitUpsideDown UIInterfaceOrientationLandscapeLeft UIInterfaceOrientationLandscapeRight";
				INFOPLIST_KEY_UISupportedInterfaceOrientations_iPhone = "UIInterfaceOrientationPortrait UIInterfaceOrientationLandscapeLeft UIInterfaceOrientationLandscapeRight";
				LD_RUNPATH_SEARCH_PATHS = (
					"$(inherited)",
					"@executable_path/Frameworks",
				);
				MARKETING_VERSION = 1.0;
				PRODUCT_BUNDLE_IDENTIFIER = com.jastinmartinez.Chapter7Outlers;
				PRODUCT_NAME = "$(TARGET_NAME)";
				SWIFT_EMIT_LOC_STRINGS = YES;
				SWIFT_VERSION = 5.0;
				TARGETED_DEVICE_FAMILY = "1,2";
			};
			name = Debug;
		};
		047C92112A6DEA0600A760E6 /* Release */ = {
			isa = XCBuildConfiguration;
			buildSettings = {
				ASSETCATALOG_COMPILER_APPICON_NAME = AppIcon;
				ASSETCATALOG_COMPILER_GLOBAL_ACCENT_COLOR_NAME = AccentColor;
				CODE_SIGN_STYLE = Automatic;
				CURRENT_PROJECT_VERSION = 1;
				DEVELOPMENT_TEAM = WQNY636DWS;
				GENERATE_INFOPLIST_FILE = YES;
				INFOPLIST_FILE = Chapter7Outlers/Info.plist;
				INFOPLIST_KEY_UIApplicationSupportsIndirectInputEvents = YES;
				INFOPLIST_KEY_UILaunchStoryboardName = LaunchScreen;
				INFOPLIST_KEY_UIMainStoryboardFile = Main;
				INFOPLIST_KEY_UISupportedInterfaceOrientations_iPad = "UIInterfaceOrientationPortrait UIInterfaceOrientationPortraitUpsideDown UIInterfaceOrientationLandscapeLeft UIInterfaceOrientationLandscapeRight";
				INFOPLIST_KEY_UISupportedInterfaceOrientations_iPhone = "UIInterfaceOrientationPortrait UIInterfaceOrientationLandscapeLeft UIInterfaceOrientationLandscapeRight";
				LD_RUNPATH_SEARCH_PATHS = (
					"$(inherited)",
					"@executable_path/Frameworks",
				);
				MARKETING_VERSION = 1.0;
				PRODUCT_BUNDLE_IDENTIFIER = com.jastinmartinez.Chapter7Outlers;
				PRODUCT_NAME = "$(TARGET_NAME)";
				SWIFT_EMIT_LOC_STRINGS = YES;
				SWIFT_VERSION = 5.0;
				TARGETED_DEVICE_FAMILY = "1,2";
			};
			name = Release;
		};
		047C92132A6DEA0600A760E6 /* Debug */ = {
			isa = XCBuildConfiguration;
			buildSettings = {
				ALWAYS_EMBED_SWIFT_STANDARD_LIBRARIES = YES;
				BUNDLE_LOADER = "$(TEST_HOST)";
				CODE_SIGN_STYLE = Automatic;
				CURRENT_PROJECT_VERSION = 1;
				DEVELOPMENT_TEAM = WQNY636DWS;
				GENERATE_INFOPLIST_FILE = YES;
				IPHONEOS_DEPLOYMENT_TARGET = 16.4;
				MARKETING_VERSION = 1.0;
				PRODUCT_BUNDLE_IDENTIFIER = com.jastinmartinez.Chapter7OutlersTests;
				PRODUCT_NAME = "$(TARGET_NAME)";
				SWIFT_EMIT_LOC_STRINGS = NO;
				SWIFT_VERSION = 5.0;
				TARGETED_DEVICE_FAMILY = "1,2";
				TEST_HOST = "$(BUILT_PRODUCTS_DIR)/Chapter7Outlers.app/$(BUNDLE_EXECUTABLE_FOLDER_PATH)/Chapter7Outlers";
			};
			name = Debug;
		};
		047C92142A6DEA0600A760E6 /* Release */ = {
			isa = XCBuildConfiguration;
			buildSettings = {
				ALWAYS_EMBED_SWIFT_STANDARD_LIBRARIES = YES;
				BUNDLE_LOADER = "$(TEST_HOST)";
				CODE_SIGN_STYLE = Automatic;
				CURRENT_PROJECT_VERSION = 1;
				DEVELOPMENT_TEAM = WQNY636DWS;
				GENERATE_INFOPLIST_FILE = YES;
				IPHONEOS_DEPLOYMENT_TARGET = 16.4;
				MARKETING_VERSION = 1.0;
				PRODUCT_BUNDLE_IDENTIFIER = com.jastinmartinez.Chapter7OutlersTests;
				PRODUCT_NAME = "$(TARGET_NAME)";
				SWIFT_EMIT_LOC_STRINGS = NO;
				SWIFT_VERSION = 5.0;
				TARGETED_DEVICE_FAMILY = "1,2";
				TEST_HOST = "$(BUILT_PRODUCTS_DIR)/Chapter7Outlers.app/$(BUNDLE_EXECUTABLE_FOLDER_PATH)/Chapter7Outlers";
			};
			name = Release;
		};
/* End XCBuildConfiguration section */

/* Begin XCConfigurationList section */
		047C91E02A6DEA0500A760E6 /* Build configuration list for PBXProject "Chapter7Outlers" */ = {
			isa = XCConfigurationList;
			buildConfigurations = (
				047C920D2A6DEA0600A760E6 /* Debug */,
				047C920E2A6DEA0600A760E6 /* Release */,
			);
			defaultConfigurationIsVisible = 0;
			defaultConfigurationName = Release;
		};
		047C920F2A6DEA0600A760E6 /* Build configuration list for PBXNativeTarget "Chapter7Outlers" */ = {
			isa = XCConfigurationList;
			buildConfigurations = (
				047C92102A6DEA0600A760E6 /* Debug */,
				047C92112A6DEA0600A760E6 /* Release */,
			);
			defaultConfigurationIsVisible = 0;
			defaultConfigurationName = Release;
		};
		047C92122A6DEA0600A760E6 /* Build configuration list for PBXNativeTarget "Chapter7OutlersTests" */ = {
			isa = XCConfigurationList;
			buildConfigurations = (
				047C92132A6DEA0600A760E6 /* Debug */,
				047C92142A6DEA0600A760E6 /* Release */,
			);
			defaultConfigurationIsVisible = 0;
			defaultConfigurationName = Release;
		};
/* End XCConfigurationList section */
	};
	rootObject = 047C91DD2A6DEA0500A760E6 /* Project object */;
}
