<?xml version="1.0" encoding="UTF-8"?>
<Scheme
   LastUpgradeVersion = "1430"
   version = "1.7">
   <BuildAction
      parallelizeBuildables = "YES"
      buildImplicitDependencies = "YES">
      <BuildActionEntries>
         <BuildActionEntry
            buildForTesting = "YES"
            buildForRunning = "YES"
            buildForProfiling = "YES"
            buildForArchiving = "YES"
            buildForAnalyzing = "YES">
            <BuildableReference
               BuildableIdentifier = "primary"
               BlueprintIdentifier = "04B903E02A6762D900E008C4"
               BuildableName = "ImageHandler.app"
               BlueprintName = "ImageHandler"
               ReferencedContainer = "container:ImageHandler.xcodeproj">
            </BuildableReference>
         </BuildActionEntry>
      </BuildActionEntries>
   </BuildAction>
   <TestAction
      buildConfiguration = "Debug"
      selectedDebuggerIdentifier = "Xcode.DebuggerFoundation.Debugger.LLDB"
      selectedLauncherIdentifier = "Xcode.DebuggerFoundation.Launcher.LLDB"
      shouldUseLaunchSchemeArgsEnv = "YES">
      <TestPlans>
         <TestPlanReference
            reference = "container:ImageHandler.xctestplan"
            default = "YES">
         </TestPlanReference>
      </TestPlans>
      <Testables>
         <TestableReference
            skipped = "NO"
            parallelizable = "YES">
            <BuildableReference
               BuildableIdentifier = "primary"
               BlueprintIdentifier = "047A620C2A688DB20034C263"
               BuildableName = "ImageHandlerTests.xctest"
               BlueprintName = "ImageHandlerTests"
               ReferencedContainer = "container:ImageHandler.xcodeproj">
            </BuildableReference>
         </TestableReference>
         <TestableReference
            skipped = "NO"
            parallelizable = "YES">
            <BuildableReference
               BuildableIdentifier = "primary"
               BlueprintIdentifier = "04B904002A6762DB00E008C4"
               BuildableName = "ImageHandlerUITests.xctest"
               BlueprintName = "ImageHandlerUITests"
               ReferencedContainer = "container:ImageHandler.xcodeproj">
            </BuildableReference>
         </TestableReference>
         <TestableReference
            skipped = "NO"
            parallelizable = "YES">
            <BuildableReference
               BuildableIdentifier = "primary"
               BlueprintIdentifier = "047A615F2A6888CF0034C263"
               BuildableName = "ImageHandlerTetsTests.xctest"
               BlueprintName = "ImageHandlerTetsTests"
               ReferencedContainer = "container:ImageHandler.xcodeproj">
            </BuildableReference>
         </TestableReference>
         <TestableReference
            skipped = "NO"
            parallelizable = "YES">
            <BuildableReference
               BuildableIdentifier = "primary"
               BlueprintIdentifier = "047A620C2A688DB20034C263"
               BuildableName = "ImageHandlerTests.xctest"
               BlueprintName = "ImageHandlerTests"
               ReferencedContainer = "container:ImageHandler.xcodeproj">
            </BuildableReference>
         </TestableReference>
         <TestableReference
            skipped = "NO"
            parallelizable = "YES">
            <BuildableReference
               BuildableIdentifier = "primary"
               BlueprintIdentifier = "047A61AF2A688A180034C263"
               BuildableName = "ImageHandlerDomainTests.xctest"
               BlueprintName = "ImageHandlerDomainTests"
               ReferencedContainer = "container:ImageHandler.xcodeproj">
            </BuildableReference>
         </TestableReference>
         <TestableReference
            skipped = "NO"
            parallelizable = "YES">
            <BuildableReference
               BuildableIdentifier = "primary"
               BlueprintIdentifier = "047A61CF2A688B160034C263"
               BuildableName = "ImageHandlerCoreTests.xctest"
               BlueprintName = "ImageHandlerCoreTests"
               ReferencedContainer = "container:ImageHandler.xcodeproj">
            </BuildableReference>
         </TestableReference>
         <TestableReference
            skipped = "NO"
            parallelizable = "YES">
            <BuildableReference
               BuildableIdentifier = "primary"
               BlueprintIdentifier = "047A61F02A688CE80034C263"
               BuildableName = "CoreTests.xctest"
               BlueprintName = "CoreTests"
               ReferencedContainer = "container:ImageHandler.xcodeproj">
            </BuildableReference>
         </TestableReference>
      </Testables>
   </TestAction>
   <LaunchAction
      buildConfiguration = "Debug"
      selectedDebuggerIdentifier = "Xcode.DebuggerFoundation.Debugger.LLDB"
      selectedLauncherIdentifier = "Xcode.DebuggerFoundation.Launcher.LLDB"
      launchStyle = "0"
      useCustomWorkingDirectory = "NO"
      ignoresPersistentStateOnLaunch = "NO"
      debugDocumentVersioning = "YES"
      debugServiceExtension = "internal"
      allowLocationSimulation = "YES">
      <BuildableProductRunnable
         runnableDebuggingMode = "0">
         <BuildableReference
            BuildableIdentifier = "primary"
            BlueprintIdentifier = "04B903E02A6762D900E008C4"
            BuildableName = "ImageHandler.app"
            BlueprintName = "ImageHandler"
            ReferencedContainer = "container:ImageHandler.xcodeproj">
         </BuildableReference>
      </BuildableProductRunnable>
   </LaunchAction>
   <ProfileAction
      buildConfiguration = "Release"
      shouldUseLaunchSchemeArgsEnv = "YES"
      savedToolIdentifier = ""
      useCustomWorkingDirectory = "NO"
      debugDocumentVersioning = "YES">
      <BuildableProductRunnable
         runnableDebuggingMode = "0">
         <BuildableReference
            BuildableIdentifier = "primary"
            BlueprintIdentifier = "04B903E02A6762D900E008C4"
            BuildableName = "ImageHandler.app"
            BlueprintName = "ImageHandler"
            ReferencedContainer = "container:ImageHandler.xcodeproj">
         </BuildableReference>
      </BuildableProductRunnable>
   </ProfileAction>
   <AnalyzeAction
      buildConfiguration = "Debug">
   </AnalyzeAction>
   <ArchiveAction
      buildConfiguration = "Release"
      revealArchiveInOrganizer = "YES">
   </ArchiveAction>
</Scheme>
